# Generated by pub
# See http://pub.dartlang.org/doc/glossary.html#lockfile
packages:
  _discoveryapis_commons:
    description: _discoveryapis_commons
    source: hosted
    version: "0.1.1"
  analyzer:
    description: analyzer
    source: hosted
    version: "0.25.0+1"
  args:
    description: args
    source: hosted
    version: "0.13.1"
  barback:
    description: barback
    source: hosted
    version: "0.15.2+4"
  browser:
    description: browser
    source: hosted
    version: "0.10.0+2"
  collection:
    description: collection
    source: hosted
    version: "1.1.1"
  crypto:
    description: crypto
    source: hosted
    version: "0.9.0"
  csslib:
    description: csslib
    source: hosted
    version: "0.12.0+1"
  diff_match_patch:
    description: diff_match_patch
    source: hosted
    version: "0.2.1"
  doc_coverage:
    description: doc_coverage
    source: hosted
    version: "0.1.5"
  glob:
    description: glob
    source: hosted
    version: "1.0.4"
  googleapis:
    description: googleapis
    source: hosted
    version: "0.10.0"
  html:
    description: html
    source: hosted
    version: "0.12.1+1"
  http:
    description: http
    source: hosted
    version: "0.11.2"
  http_multi_server:
    description: http_multi_server
    source: hosted
    version: "1.3.2"
  http_parser:
    description: http_parser
    source: hosted
    version: "0.0.2+6"
  json_diff:
    description: json_diff
    source: hosted
    version: "0.1.2"
  logging:
    description: logging
    source: hosted
    version: "0.11.1"
  markdown:
    description: markdown
    source: hosted
    version: "0.7.1+2"
  matcher:
    description: matcher
    source: hosted
    version: "0.12.0+1"
  mime:
    description: mime
    source: hosted
    version: "0.9.3"
  path:
    description: path
    source: hosted
    version: "1.3.5"
  pool:
    description: pool
    source: hosted
    version: "1.0.2"
  pub_semver:
    description: pub_semver
    source: hosted
    version: "1.2.1"
  quiver:
    description: quiver
    source: hosted
    version: "0.21.4"
  route:
    description: route
    source: hosted
    version: "0.4.6"
  route_hierarchical:
    description: route_hierarchical
    source: hosted
    version: "0.6.2"
  shelf:
    description: shelf
    source: hosted
    version: "0.6.1+2"
  shelf_static:
    description: shelf_static
    source: hosted
    version: "0.2.2"
  shelf_web_socket:
    description: shelf_web_socket
    source: hosted
    version: "0.0.1+2"
  source_map_stack_trace:
    description: source_map_stack_trace
    source: hosted
    version: "1.0.4"
  source_maps:
    description: source_maps
    source: hosted
    version: "0.10.1"
  source_span:
    description: source_span
    source: hosted
    version: "1.1.2"
  stack_trace:
    description: stack_trace
    source: hosted
    version: "1.3.2"
  string_scanner:
    description: string_scanner
    source: hosted
    version: "0.1.3+1"
  test:
    description: test
    source: hosted
    version: "0.12.3"
  utf:
    description: utf
    source: hosted
    version: "0.9.0+2"
  watcher:
    description: watcher
    source: hosted
    version: "0.9.5"
  yaml:
    description: yaml
    source: hosted
    version: "2.1.2"
